// !$*UTF8*$!
{
	archiveVersion = 1;
	classes = {
	};
	objectVersion = 77;
	objects = {

/* Begin PBXBuildFile section */
		D62CD6752F01BD4C00DF74C7 /* SwiftCompartido in Frameworks */ = {isa = PBXBuildFile; productRef = D62CD6742F01BD4C00DF74C7 /* SwiftCompartido */; };
		D62CD6AA2F01EB5900DF74C7 /* Heathers_1x01_-_Pilot.pdf in Resources */ = {isa = PBXBuildFile; fileRef = D62CD6942F01EB5800DF74C7 /* Heathers_1x01_-_Pilot.pdf */; };
		D62CD6AB2F01EB5900DF74C7 /* yntswyd.fountain in Resources */ = {isa = PBXBuildFile; fileRef = D62CD6952F01EB5800DF74C7 /* yntswyd.fountain */; };
		D62CD6AC2F01EB5900DF74C7 /* a fool in the desert.highland in Resources */ = {isa = PBXBuildFile; fileRef = D62CD6962F01EB5900DF74C7 /* a fool in the desert.highland */; };
		D62CD6AD2F01EB5900DF74C7 /* mr-mr-charles.fountain in Resources */ = {isa = PBXBuildFile; fileRef = D62CD6972F01EB5900DF74C7 /* mr-mr-charles.fountain */; };
		D62CD6AE2F01EB5900DF74C7 /* BULLITT.pdf in Resources */ = {isa = PBXBuildFile; fileRef = D62CD6982F01EB5900DF74C7 /* BULLITT.pdf */; };
		D62CD6AF2F01EB5900DF74C7 /* bigfish.highland in Resources */ = {isa = PBXBuildFile; fileRef = D62CD6992F01EB5900DF74C7 /* bigfish.highland */; };
		D62CD6B02F01EB5900DF74C7 /* Eternal Sunshine of the Spotless Mind.pdf in Resources */ = {isa = PBXBuildFile; fileRef = D62CD69A2F01EB5900DF74C7 /* Eternal Sunshine of the Spotless Mind.pdf */; };
		D62CD6B12F01EB5900DF74C7 /* You're Nobody til Somebody Wants You Dead.highland in Resources */ = {isa = PBXBuildFile; fileRef = D62CD69B2F01EB5900DF74C7 /* You're Nobody til Somebody Wants You Dead.highland */; };
		D62CD6B22F01EB5900DF74C7 /* The Tempest.highland in Resources */ = {isa = PBXBuildFile; fileRef = D62CD69C2F01EB5900DF74C7 /* The Tempest.highland */; };
		D62CD6B32F01EB5900DF74C7 /* ATTACK-THE-BLOCK.pdf in Resources */ = {isa = PBXBuildFile; fileRef = D62CD69D2F01EB5900DF74C7 /* ATTACK-THE-BLOCK.pdf */; };
		D62CD6B42F01EB5900DF74C7 /* chapter 4.highland in Resources */ = {isa = PBXBuildFile; fileRef = D62CD69E2F01EB5900DF74C7 /* chapter 4.highland */; };
		D62CD6B52F01EB5900DF74C7 /* You're Nobody til Somebody Wants You Dead.fountain in Resources */ = {isa = PBXBuildFile; fileRef = D62CD69F2F01EB5900DF74C7 /* You're Nobody til Somebody Wants You Dead.fountain */; };
		D62CD6B62F01EB5900DF74C7 /* bigfish.fdx in Resources */ = {isa = PBXBuildFile; fileRef = D62CD6A02F01EB5900DF74C7 /* bigfish.fdx */; };
		D62CD6B72F01EB5900DF74C7 /* bigfish.fountain in Resources */ = {isa = PBXBuildFile; fileRef = D62CD6A12F01EB5900DF74C7 /* bigfish.fountain */; };
		D62CD6B82F01EB5900DF74C7 /* red chief is gone.highland in Resources */ = {isa = PBXBuildFile; fileRef = D62CD6A22F01EB5900DF74C7 /* red chief is gone.highland */; };
		D62CD6B92F01EB5900DF74C7 /* ride the pink horse - MAY2025.highland in Resources */ = {isa = PBXBuildFile; fileRef = D62CD6A32F01EB5900DF74C7 /* ride the pink horse - MAY2025.highland */; };
		D62CD6BA2F01EB5900DF74C7 /* Anatomy-Of-A-Fall-Read-The-Screenplay.pdf in Resources */ = {isa = PBXBuildFile; fileRef = D62CD6A42F01EB5900DF74C7 /* Anatomy-Of-A-Fall-Read-The-Screenplay.pdf */; };
		D62CD6BB2F01EB5900DF74C7 /* dao-de-ching.highland in Resources */ = {isa = PBXBuildFile; fileRef = D62CD6A52F01EB5900DF74C7 /* dao-de-ching.highland */; };
		D62CD6BC2F01EB5900DF74C7 /* The Banshees of Inisherin.pdf in Resources */ = {isa = PBXBuildFile; fileRef = D62CD6A62F01EB5900DF74C7 /* The Banshees of Inisherin.pdf */; };
		D62CD6BD2F01EB5900DF74C7 /* Legion_1x01_-_Chapter_One.pdf in Resources */ = {isa = PBXBuildFile; fileRef = D62CD6A72F01EB5900DF74C7 /* Legion_1x01_-_Chapter_One.pdf */; };
		D62CD6BE2F01EB5900DF74C7 /* The_Terror_1x01_-_Go_For_Broke.pdf in Resources */ = {isa = PBXBuildFile; fileRef = D62CD6A82F01EB5900DF74C7 /* The_Terror_1x01_-_Go_For_Broke.pdf */; };
		D62CD6BF2F01EB5900DF74C7 /* test.fountain in Resources */ = {isa = PBXBuildFile; fileRef = D62CD6A92F01EB5900DF74C7 /* test.fountain */; };
/* End PBXBuildFile section */

/* Begin PBXContainerItemProxy section */
		D62CD6462F019D0700DF74C7 /* PBXContainerItemProxy */ = {
			isa = PBXContainerItemProxy;
			containerPortal = D62CD62D2F019D0600DF74C7 /* Project object */;
			proxyType = 1;
			remoteGlobalIDString = D62CD6342F019D0600DF74C7;
			remoteInfo = GuionViewer;
		};
		D62CD6502F019D0700DF74C7 /* PBXContainerItemProxy */ = {
			isa = PBXContainerItemProxy;
			containerPortal = D62CD62D2F019D0600DF74C7 /* Project object */;
			proxyType = 1;
			remoteGlobalIDString = D62CD6342F019D0600DF74C7;
			remoteInfo = GuionViewer;
		};
/* End PBXContainerItemProxy section */

/* Begin PBXFileReference section */
		D62CD6352F019D0600DF74C7 /* GuionViewer.app */ = {isa = PBXFileReference; explicitFileType = wrapper.application; includeInIndex = 0; path = GuionViewer.app; sourceTree = BUILT_PRODUCTS_DIR; };
		D62CD6452F019D0700DF74C7 /* GuionViewerTests.xctest */ = {isa = PBXFileReference; explicitFileType = wrapper.cfbundle; includeInIndex = 0; path = GuionViewerTests.xctest; sourceTree = BUILT_PRODUCTS_DIR; };
		D62CD64F2F019D0700DF74C7 /* GuionViewerUITests.xctest */ = {isa = PBXFileReference; explicitFileType = wrapper.cfbundle; includeInIndex = 0; path = GuionViewerUITests.xctest; sourceTree = BUILT_PRODUCTS_DIR; };
		D62CD6942F01EB5800DF74C7 /* Heathers_1x01_-_Pilot.pdf */ = {isa = PBXFileReference; lastKnownFileType = image.pdf; name = "Heathers_1x01_-_Pilot.pdf"; path = "../../Fixtures/Heathers_1x01_-_Pilot.pdf"; sourceTree = "<group>"; };
		D62CD6952F01EB5800DF74C7 /* yntswyd.fountain */ = {isa = PBXFileReference; lastKnownFileType = text; name = yntswyd.fountain; path = ../../Fixtures/yntswyd.fountain; sourceTree = "<group>"; };
		D62CD6962F01EB5900DF74C7 /* a fool in the desert.highland */ = {isa = PBXFileReference; lastKnownFileType = file; name = "a fool in the desert.highland"; path = "../../Fixtures/a fool in the desert.highland"; sourceTree = "<group>"; };
		D62CD6972F01EB5900DF74C7 /* mr-mr-charles.fountain */ = {isa = PBXFileReference; lastKnownFileType = text; name = "mr-mr-charles.fountain"; path = "../../Fixtures/mr-mr-charles.fountain"; sourceTree = "<group>"; };
		D62CD6982F01EB5900DF74C7 /* BULLITT.pdf */ = {isa = PBXFileReference; lastKnownFileType = image.pdf; name = BULLITT.pdf; path = ../../Fixtures/BULLITT.pdf; sourceTree = "<group>"; };
		D62CD6992F01EB5900DF74C7 /* bigfish.highland */ = {isa = PBXFileReference; lastKnownFileType = text; name = bigfish.highland; path = ../../Fixtures/bigfish.highland; sourceTree = "<group>"; };
		D62CD69A2F01EB5900DF74C7 /* Eternal Sunshine of the Spotless Mind.pdf */ = {isa = PBXFileReference; lastKnownFileType = image.pdf; name = "Eternal Sunshine of the Spotless Mind.pdf"; path = "../../Fixtures/Eternal Sunshine of the Spotless Mind.pdf"; sourceTree = "<group>"; };
		D62CD69B2F01EB5900DF74C7 /* You're Nobody til Somebody Wants You Dead.highland */ = {isa = PBXFileReference; lastKnownFileType = text; name = "You're Nobody til Somebody Wants You Dead.highland"; path = "../../Fixtures/You're Nobody til Somebody Wants You Dead.highland"; sourceTree = "<group>"; };
		D62CD69C2F01EB5900DF74C7 /* The Tempest.highland */ = {isa = PBXFileReference; lastKnownFileType = text; name = "The Tempest.highland"; path = "../../Fixtures/The Tempest.highland"; sourceTree = "<group>"; };
		D62CD69D2F01EB5900DF74C7 /* ATTACK-THE-BLOCK.pdf */ = {isa = PBXFileReference; lastKnownFileType = image.pdf; name = "ATTACK-THE-BLOCK.pdf"; path = "../../Fixtures/ATTACK-THE-BLOCK.pdf"; sourceTree = "<group>"; };
		D62CD69E2F01EB5900DF74C7 /* chapter 4.highland */ = {isa = PBXFileReference; lastKnownFileType = file; name = "chapter 4.highland"; path = "../../Fixtures/chapter 4.highland"; sourceTree = "<group>"; };
		D62CD69F2F01EB5900DF74C7 /* You're Nobody til Somebody Wants You Dead.fountain */ = {isa = PBXFileReference; lastKnownFileType = text; name = "You're Nobody til Somebody Wants You Dead.fountain"; path = "../../Fixtures/You're Nobody til Somebody Wants You Dead.fountain"; sourceTree = "<group>"; };
		D62CD6A02F01EB5900DF74C7 /* bigfish.fdx */ = {isa = PBXFileReference; lastKnownFileType = text.xml; name = bigfish.fdx; path = ../../Fixtures/bigfish.fdx; sourceTree = "<group>"; };
		D62CD6A12F01EB5900DF74C7 /* bigfish.fountain */ = {isa = PBXFileReference; lastKnownFileType = text; name = bigfish.fountain; path = ../../Fixtures/bigfish.fountain; sourceTree = "<group>"; };
		D62CD6A22F01EB5900DF74C7 /* red chief is gone.highland */ = {isa = PBXFileReference; lastKnownFileType = file; name = "red chief is gone.highland"; path = "../../Fixtures/red chief is gone.highland"; sourceTree = "<group>"; };
		D62CD6A32F01EB5900DF74C7 /* ride the pink horse - MAY2025.highland */ = {isa = PBXFileReference; lastKnownFileType = text; name = "ride the pink horse - MAY2025.highland"; path = "../../Fixtures/ride the pink horse - MAY2025.highland"; sourceTree = "<group>"; };
		D62CD6A42F01EB5900DF74C7 /* Anatomy-Of-A-Fall-Read-The-Screenplay.pdf */ = {isa = PBXFileReference; lastKnownFileType = image.pdf; name = "Anatomy-Of-A-Fall-Read-The-Screenplay.pdf"; path = "../../Fixtures/Anatomy-Of-A-Fall-Read-The-Screenplay.pdf"; sourceTree = "<group>"; };
		D62CD6A52F01EB5900DF74C7 /* dao-de-ching.highland */ = {isa = PBXFileReference; lastKnownFileType = file; name = "dao-de-ching.highland"; path = "../../Fixtures/dao-de-ching.highland"; sourceTree = "<group>"; };
		D62CD6A62F01EB5900DF74C7 /* The Banshees of Inisherin.pdf */ = {isa = PBXFileReference; lastKnownFileType = image.pdf; name = "The Banshees of Inisherin.pdf"; path = "../../Fixtures/The Banshees of Inisherin.pdf"; sourceTree = "<group>"; };
		D62CD6A72F01EB5900DF74C7 /* Legion_1x01_-_Chapter_One.pdf */ = {isa = PBXFileReference; lastKnownFileType = image.pdf; name = "Legion_1x01_-_Chapter_One.pdf"; path = "../../Fixtures/Legion_1x01_-_Chapter_One.pdf"; sourceTree = "<group>"; };
		D62CD6A82F01EB5900DF74C7 /* The_Terror_1x01_-_Go_For_Broke.pdf */ = {isa = PBXFileReference; lastKnownFileType = image.pdf; name = "The_Terror_1x01_-_Go_For_Broke.pdf"; path = "../../Fixtures/The_Terror_1x01_-_Go_For_Broke.pdf"; sourceTree = "<group>"; };
		D62CD6A92F01EB5900DF74C7 /* test.fountain */ = {isa = PBXFileReference; lastKnownFileType = text; name = test.fountain; path = ../../Fixtures/test.fountain; sourceTree = "<group>"; };
/* End PBXFileReference section */

/* Begin PBXFileSystemSynchronizedBuildFileExceptionSet section */
		D62CD6572F019D0700DF74C7 /* Exceptions for "GuionViewer" folder in "GuionViewer" target */ = {
			isa = PBXFileSystemSynchronizedBuildFileExceptionSet;
			membershipExceptions = (
				Info.plist,
			);
			target = D62CD6342F019D0600DF74C7 /* GuionViewer */;
		};
/* End PBXFileSystemSynchronizedBuildFileExceptionSet section */

/* Begin PBXFileSystemSynchronizedRootGroup section */
		D62CD6372F019D0600DF74C7 /* GuionViewer */ = {
			isa = PBXFileSystemSynchronizedRootGroup;
			exceptions = (
				D62CD6572F019D0700DF74C7 /* Exceptions for "GuionViewer" folder in "GuionViewer" target */,
			);
			path = GuionViewer;
			sourceTree = "<group>";
		};
		D62CD6482F019D0700DF74C7 /* GuionViewerTests */ = {
			isa = PBXFileSystemSynchronizedRootGroup;
			path = GuionViewerTests;
			sourceTree = "<group>";
		};
		D62CD6522F019D0700DF74C7 /* GuionViewerUITests */ = {
			isa = PBXFileSystemSynchronizedRootGroup;
			path = GuionViewerUITests;
			sourceTree = "<group>";
		};
/* End PBXFileSystemSynchronizedRootGroup section */

/* Begin PBXFrameworksBuildPhase section */
		D62CD6322F019D0600DF74C7 /* Frameworks */ = {
			isa = PBXFrameworksBuildPhase;
			buildActionMask = 2147483647;
			files = (
				D62CD6752F01BD4C00DF74C7 /* SwiftCompartido in Frameworks */,
			);
			runOnlyForDeploymentPostprocessing = 0;
		};
		D62CD6422F019D0700DF74C7 /* Frameworks */ = {
			isa = PBXFrameworksBuildPhase;
			buildActionMask = 2147483647;
			files = (
			);
			runOnlyForDeploymentPostprocessing = 0;
		};
		D62CD64C2F019D0700DF74C7 /* Frameworks */ = {
			isa = PBXFrameworksBuildPhase;
			buildActionMask = 2147483647;
			files = (
			);
			runOnlyForDeploymentPostprocessing = 0;
		};
/* End PBXFrameworksBuildPhase section */

/* Begin PBXGroup section */
		D62CD62C2F019D0600DF74C7 = {
			isa = PBXGroup;
			children = (
				D62CD6C02F01EB9300DF74C7 /* Fixtures */,
				D62CD6372F019D0600DF74C7 /* GuionViewer */,
				D62CD6482F019D0700DF74C7 /* GuionViewerTests */,
				D62CD6522F019D0700DF74C7 /* GuionViewerUITests */,
				D62CD6362F019D0600DF74C7 /* Products */,
			);
			sourceTree = "<group>";
		};
		D62CD6362F019D0600DF74C7 /* Products */ = {
			isa = PBXGroup;
			children = (
				D62CD6352F019D0600DF74C7 /* GuionViewer.app */,
				D62CD6452F019D0700DF74C7 /* GuionViewerTests.xctest */,
				D62CD64F2F019D0700DF74C7 /* GuionViewerUITests.xctest */,
			);
			name = Products;
			sourceTree = "<group>";
		};
		D62CD6C02F01EB9300DF74C7 /* Fixtures */ = {
			isa = PBXGroup;
			children = (
				D62CD6962F01EB5900DF74C7 /* a fool in the desert.highland */,
				D62CD6A42F01EB5900DF74C7 /* Anatomy-Of-A-Fall-Read-The-Screenplay.pdf */,
				D62CD69D2F01EB5900DF74C7 /* ATTACK-THE-BLOCK.pdf */,
				D62CD6A02F01EB5900DF74C7 /* bigfish.fdx */,
				D62CD6A12F01EB5900DF74C7 /* bigfish.fountain */,
				D62CD6992F01EB5900DF74C7 /* bigfish.highland */,
				D62CD6982F01EB5900DF74C7 /* BULLITT.pdf */,
				D62CD69E2F01EB5900DF74C7 /* chapter 4.highland */,
				D62CD6A52F01EB5900DF74C7 /* dao-de-ching.highland */,
				D62CD69A2F01EB5900DF74C7 /* Eternal Sunshine of the Spotless Mind.pdf */,
				D62CD6942F01EB5800DF74C7 /* Heathers_1x01_-_Pilot.pdf */,
				D62CD6A72F01EB5900DF74C7 /* Legion_1x01_-_Chapter_One.pdf */,
				D62CD6972F01EB5900DF74C7 /* mr-mr-charles.fountain */,
				D62CD6A22F01EB5900DF74C7 /* red chief is gone.highland */,
				D62CD6A32F01EB5900DF74C7 /* ride the pink horse - MAY2025.highland */,
				D62CD6A92F01EB5900DF74C7 /* test.fountain */,
				D62CD6A62F01EB5900DF74C7 /* The Banshees of Inisherin.pdf */,
				D62CD69C2F01EB5900DF74C7 /* The Tempest.highland */,
				D62CD6A82F01EB5900DF74C7 /* The_Terror_1x01_-_Go_For_Broke.pdf */,
				D62CD6952F01EB5800DF74C7 /* yntswyd.fountain */,
				D62CD69F2F01EB5900DF74C7 /* You're Nobody til Somebody Wants You Dead.fountain */,
				D62CD69B2F01EB5900DF74C7 /* You're Nobody til Somebody Wants You Dead.highland */,
			);
			path = Fixtures;
			sourceTree = "<group>";
		};
/* End PBXGroup section */

/* Begin PBXNativeTarget section */
		D62CD6342F019D0600DF74C7 /* GuionViewer */ = {
			isa = PBXNativeTarget;
			buildConfigurationList = D62CD6582F019D0700DF74C7 /* Build configuration list for PBXNativeTarget "GuionViewer" */;
			buildPhases = (
				D62CD6312F019D0600DF74C7 /* Sources */,
				D62CD6322F019D0600DF74C7 /* Frameworks */,
				D62CD6332F019D0600DF74C7 /* Resources */,
			);
			buildRules = (
			);
			dependencies = (
			);
			fileSystemSynchronizedGroups = (
				D62CD6372F019D0600DF74C7 /* GuionViewer */,
			);
			name = GuionViewer;
			packageProductDependencies = (
				D62CD6742F01BD4C00DF74C7 /* SwiftCompartido */,
			);
			productName = GuionViewer;
			productReference = D62CD6352F019D0600DF74C7 /* GuionViewer.app */;
			productType = "com.apple.product-type.application";
		};
		D62CD6442F019D0700DF74C7 /* GuionViewerTests */ = {
			isa = PBXNativeTarget;
			buildConfigurationList = D62CD65D2F019D0700DF74C7 /* Build configuration list for PBXNativeTarget "GuionViewerTests" */;
			buildPhases = (
				D62CD6412F019D0700DF74C7 /* Sources */,
				D62CD6422F019D0700DF74C7 /* Frameworks */,
				D62CD6432F019D0700DF74C7 /* Resources */,
			);
			buildRules = (
			);
			dependencies = (
				D62CD6472F019D0700DF74C7 /* PBXTargetDependency */,
			);
			fileSystemSynchronizedGroups = (
				D62CD6482F019D0700DF74C7 /* GuionViewerTests */,
			);
			name = GuionViewerTests;
			packageProductDependencies = (
			);
			productName = GuionViewerTests;
			productReference = D62CD6452F019D0700DF74C7 /* GuionViewerTests.xctest */;
			productType = "com.apple.product-type.bundle.unit-test";
		};
		D62CD64E2F019D0700DF74C7 /* GuionViewerUITests */ = {
			isa = PBXNativeTarget;
			buildConfigurationList = D62CD6602F019D0700DF74C7 /* Build configuration list for PBXNativeTarget "GuionViewerUITests" */;
			buildPhases = (
				D62CD64B2F019D0700DF74C7 /* Sources */,
				D62CD64C2F019D0700DF74C7 /* Frameworks */,
				D62CD64D2F019D0700DF74C7 /* Resources */,
			);
			buildRules = (
			);
			dependencies = (
				D62CD6512F019D0700DF74C7 /* PBXTargetDependency */,
			);
			fileSystemSynchronizedGroups = (
				D62CD6522F019D0700DF74C7 /* GuionViewerUITests */,
			);
			name = GuionViewerUITests;
			packageProductDependencies = (
			);
			productName = GuionViewerUITests;
			productReference = D62CD64F2F019D0700DF74C7 /* GuionViewerUITests.xctest */;
			productType = "com.apple.product-type.bundle.ui-testing";
		};
/* End PBXNativeTarget section */

/* Begin PBXProject section */
		D62CD62D2F019D0600DF74C7 /* Project object */ = {
			isa = PBXProject;
			attributes = {
				BuildIndependentTargetsInParallel = 1;
				LastSwiftUpdateCheck = 2620;
				LastUpgradeCheck = 2620;
				ORGANIZATIONNAME = "com.intrusive-memory";
				TargetAttributes = {
					D62CD6342F019D0600DF74C7 = {
						CreatedOnToolsVersion = 26.2;
					};
					D62CD6442F019D0700DF74C7 = {
						CreatedOnToolsVersion = 26.2;
						TestTargetID = D62CD6342F019D0600DF74C7;
					};
					D62CD64E2F019D0700DF74C7 = {
						CreatedOnToolsVersion = 26.2;
						TestTargetID = D62CD6342F019D0600DF74C7;
					};
				};
			};
			buildConfigurationList = D62CD6302F019D0600DF74C7 /* Build configuration list for PBXProject "GuionViewer" */;
			developmentRegion = en;
			hasScannedForEncodings = 0;
			knownRegions = (
				en,
				Base,
			);
			mainGroup = D62CD62C2F019D0600DF74C7;
			minimizedProjectReferenceProxies = 1;
			packageReferences = (
				D62CD6732F01BD4C00DF74C7 /* XCLocalSwiftPackageReference "../../SwiftCompartido" */,
			);
			preferredProjectObjectVersion = 77;
			productRefGroup = D62CD6362F019D0600DF74C7 /* Products */;
			projectDirPath = "";
			projectRoot = "";
			targets = (
				D62CD6342F019D0600DF74C7 /* GuionViewer */,
				D62CD6442F019D0700DF74C7 /* GuionViewerTests */,
				D62CD64E2F019D0700DF74C7 /* GuionViewerUITests */,
			);
		};
/* End PBXProject section */

/* Begin PBXResourcesBuildPhase section */
		D62CD6332F019D0600DF74C7 /* Resources */ = {
			isa = PBXResourcesBuildPhase;
			buildActionMask = 2147483647;
			files = (
				D62CD6AA2F01EB5900DF74C7 /* Heathers_1x01_-_Pilot.pdf in Resources */,
				D62CD6AB2F01EB5900DF74C7 /* yntswyd.fountain in Resources */,
				D62CD6AC2F01EB5900DF74C7 /* a fool in the desert.highland in Resources */,
				D62CD6AD2F01EB5900DF74C7 /* mr-mr-charles.fountain in Resources */,
				D62CD6AE2F01EB5900DF74C7 /* BULLITT.pdf in Resources */,
				D62CD6AF2F01EB5900DF74C7 /* bigfish.highland in Resources */,
				D62CD6B02F01EB5900DF74C7 /* Eternal Sunshine of the Spotless Mind.pdf in Resources */,
				D62CD6B12F01EB5900DF74C7 /* You're Nobody til Somebody Wants You Dead.highland in Resources */,
				D62CD6B22F01EB5900DF74C7 /* The Tempest.highland in Resources */,
				D62CD6B32F01EB5900DF74C7 /* ATTACK-THE-BLOCK.pdf in Resources */,
				D62CD6B42F01EB5900DF74C7 /* chapter 4.highland in Resources */,
				D62CD6B52F01EB5900DF74C7 /* You're Nobody til Somebody Wants You Dead.fountain in Resources */,
				D62CD6B62F01EB5900DF74C7 /* bigfish.fdx in Resources */,
				D62CD6B72F01EB5900DF74C7 /* bigfish.fountain in Resources */,
				D62CD6B82F01EB5900DF74C7 /* red chief is gone.highland in Resources */,
				D62CD6B92F01EB5900DF74C7 /* ride the pink horse - MAY2025.highland in Resources */,
				D62CD6BA2F01EB5900DF74C7 /* Anatomy-Of-A-Fall-Read-The-Screenplay.pdf in Resources */,
				D62CD6BB2F01EB5900DF74C7 /* dao-de-ching.highland in Resources */,
				D62CD6BC2F01EB5900DF74C7 /* The Banshees of Inisherin.pdf in Resources */,
				D62CD6BD2F01EB5900DF74C7 /* Legion_1x01_-_Chapter_One.pdf in Resources */,
				D62CD6BE2F01EB5900DF74C7 /* The_Terror_1x01_-_Go_For_Broke.pdf in Resources */,
				D62CD6BF2F01EB5900DF74C7 /* test.fountain in Resources */,
			);
			runOnlyForDeploymentPostprocessing = 0;
		};
		D62CD6432F019D0700DF74C7 /* Resources */ = {
			isa = PBXResourcesBuildPhase;
			buildActionMask = 2147483647;
			files = (
			);
			runOnlyForDeploymentPostprocessing = 0;
		};
		D62CD64D2F019D0700DF74C7 /* Resources */ = {
			isa = PBXResourcesBuildPhase;
			buildActionMask = 2147483647;
			files = (
			);
			runOnlyForDeploymentPostprocessing = 0;
		};
/* End PBXResourcesBuildPhase section */

/* Begin PBXSourcesBuildPhase section */
		D62CD6312F019D0600DF74C7 /* Sources */ = {
			isa = PBXSourcesBuildPhase;
			buildActionMask = 2147483647;
			files = (
			);
			runOnlyForDeploymentPostprocessing = 0;
		};
		D62CD6412F019D0700DF74C7 /* Sources */ = {
			isa = PBXSourcesBuildPhase;
			buildActionMask = 2147483647;
			files = (
			);
			runOnlyForDeploymentPostprocessing = 0;
		};
		D62CD64B2F019D0700DF74C7 /* Sources */ = {
			isa = PBXSourcesBuildPhase;
			buildActionMask = 2147483647;
			files = (
			);
			runOnlyForDeploymentPostprocessing = 0;
		};
/* End PBXSourcesBuildPhase section */

/* Begin PBXTargetDependency section */
		D62CD6472F019D0700DF74C7 /* PBXTargetDependency */ = {
			isa = PBXTargetDependency;
			target = D62CD6342F019D0600DF74C7 /* GuionViewer */;
			targetProxy = D62CD6462F019D0700DF74C7 /* PBXContainerItemProxy */;
		};
		D62CD6512F019D0700DF74C7 /* PBXTargetDependency */ = {
			isa = PBXTargetDependency;
			target = D62CD6342F019D0600DF74C7 /* GuionViewer */;
			targetProxy = D62CD6502F019D0700DF74C7 /* PBXContainerItemProxy */;
		};
/* End PBXTargetDependency section */

/* Begin XCBuildConfiguration section */
		D62CD6592F019D0700DF74C7 /* Debug */ = {
			isa = XCBuildConfiguration;
			buildSettings = {
				ASSETCATALOG_COMPILER_APPICON_NAME = AppIcon;
				ASSETCATALOG_COMPILER_GLOBAL_ACCENT_COLOR_NAME = AccentColor;
				"CODE_SIGN_IDENTITY[sdk=macosx*]" = "-";
				CODE_SIGN_STYLE = Automatic;
				CURRENT_PROJECT_VERSION = 1;
				DEVELOPMENT_TEAM = H3EJ6Y8VJ6;
				ENABLE_APP_SANDBOX = YES;
				ENABLE_HARDENED_RUNTIME = YES;
				ENABLE_PREVIEWS = YES;
				ENABLE_USER_SELECTED_FILES = readwrite;
				GENERATE_INFOPLIST_FILE = YES;
				INFOPLIST_FILE = GuionViewer/Info.plist;
				"INFOPLIST_KEY_UIApplicationSceneManifest_Generation[sdk=iphoneos*]" = YES;
				"INFOPLIST_KEY_UIApplicationSceneManifest_Generation[sdk=iphonesimulator*]" = YES;
				"INFOPLIST_KEY_UIApplicationSupportsIndirectInputEvents[sdk=iphoneos*]" = YES;
				"INFOPLIST_KEY_UIApplicationSupportsIndirectInputEvents[sdk=iphonesimulator*]" = YES;
				"INFOPLIST_KEY_UILaunchScreen_Generation[sdk=iphoneos*]" = YES;
				"INFOPLIST_KEY_UILaunchScreen_Generation[sdk=iphonesimulator*]" = YES;
				"INFOPLIST_KEY_UIStatusBarStyle[sdk=iphoneos*]" = UIStatusBarStyleDefault;
				"INFOPLIST_KEY_UIStatusBarStyle[sdk=iphonesimulator*]" = UIStatusBarStyleDefault;
				INFOPLIST_KEY_UISupportedInterfaceOrientations_iPad = "UIInterfaceOrientationPortrait UIInterfaceOrientationPortraitUpsideDown UIInterfaceOrientationLandscapeLeft UIInterfaceOrientationLandscapeRight";
				INFOPLIST_KEY_UISupportedInterfaceOrientations_iPhone = "UIInterfaceOrientationPortrait UIInterfaceOrientationLandscapeLeft UIInterfaceOrientationLandscapeRight";
				"INFOPLIST_KEY_UISupportsDocumentBrowser[sdk=iphoneos*]" = YES;
				"INFOPLIST_KEY_UISupportsDocumentBrowser[sdk=iphonesimulator*]" = YES;
				IPHONEOS_DEPLOYMENT_TARGET = 26.2;
				LD_RUNPATH_SEARCH_PATHS = "@executable_path/Frameworks";
				"LD_RUNPATH_SEARCH_PATHS[sdk=macosx*]" = "@executable_path/../Frameworks";
				MACOSX_DEPLOYMENT_TARGET = 26.2;
				MARKETING_VERSION = 1.0;
				PRODUCT_BUNDLE_IDENTIFIER = "io.intrusive-memory.GuionViewer";
				PRODUCT_NAME = "$(TARGET_NAME)";
				REGISTER_APP_GROUPS = YES;
				SDKROOT = auto;
				STRING_CATALOG_GENERATE_SYMBOLS = YES;
				SUPPORTED_PLATFORMS = "iphoneos iphonesimulator macosx";
				SUPPORTS_MACCATALYST = NO;
				SWIFT_APPROACHABLE_CONCURRENCY = YES;
				SWIFT_DEFAULT_ACTOR_ISOLATION = MainActor;
				SWIFT_EMIT_LOC_STRINGS = YES;
				SWIFT_UPCOMING_FEATURE_MEMBER_IMPORT_VISIBILITY = YES;
				SWIFT_VERSION = 5.0;
				TARGETED_DEVICE_FAMILY = "1,2";
				XROS_DEPLOYMENT_TARGET = 26.2;
			};
			name = Debug;
		};
		D62CD65A2F019D0700DF74C7 /* Release */ = {
			isa = XCBuildConfiguration;
			buildSettings = {
				ASSETCATALOG_COMPILER_APPICON_NAME = AppIcon;
				ASSETCATALOG_COMPILER_GLOBAL_ACCENT_COLOR_NAME = AccentColor;
				"CODE_SIGN_IDENTITY[sdk=macosx*]" = "-";
				CODE_SIGN_STYLE = Automatic;
				CURRENT_PROJECT_VERSION = 1;
				DEVELOPMENT_TEAM = H3EJ6Y8VJ6;
				ENABLE_APP_SANDBOX = YES;
				ENABLE_HARDENED_RUNTIME = YES;
				ENABLE_PREVIEWS = YES;
				ENABLE_USER_SELECTED_FILES = readwrite;
				GENERATE_INFOPLIST_FILE = YES;
				INFOPLIST_FILE = GuionViewer/Info.plist;
				"INFOPLIST_KEY_UIApplicationSceneManifest_Generation[sdk=iphoneos*]" = YES;
				"INFOPLIST_KEY_UIApplicationSceneManifest_Generation[sdk=iphonesimulator*]" = YES;
				"INFOPLIST_KEY_UIApplicationSupportsIndirectInputEvents[sdk=iphoneos*]" = YES;
				"INFOPLIST_KEY_UIApplicationSupportsIndirectInputEvents[sdk=iphonesimulator*]" = YES;
				"INFOPLIST_KEY_UILaunchScreen_Generation[sdk=iphoneos*]" = YES;
				"INFOPLIST_KEY_UILaunchScreen_Generation[sdk=iphonesimulator*]" = YES;
				"INFOPLIST_KEY_UIStatusBarStyle[sdk=iphoneos*]" = UIStatusBarStyleDefault;
				"INFOPLIST_KEY_UIStatusBarStyle[sdk=iphonesimulator*]" = UIStatusBarStyleDefault;
				INFOPLIST_KEY_UISupportedInterfaceOrientations_iPad = "UIInterfaceOrientationPortrait UIInterfaceOrientationPortraitUpsideDown UIInterfaceOrientationLandscapeLeft UIInterfaceOrientationLandscapeRight";
				INFOPLIST_KEY_UISupportedInterfaceOrientations_iPhone = "UIInterfaceOrientationPortrait UIInterfaceOrientationLandscapeLeft UIInterfaceOrientationLandscapeRight";
				"INFOPLIST_KEY_UISupportsDocumentBrowser[sdk=iphoneos*]" = YES;
				"INFOPLIST_KEY_UISupportsDocumentBrowser[sdk=iphonesimulator*]" = YES;
				IPHONEOS_DEPLOYMENT_TARGET = 26.2;
				LD_RUNPATH_SEARCH_PATHS = "@executable_path/Frameworks";
				"LD_RUNPATH_SEARCH_PATHS[sdk=macosx*]" = "@executable_path/../Frameworks";
				MACOSX_DEPLOYMENT_TARGET = 26.2;
				MARKETING_VERSION = 1.0;
				PRODUCT_BUNDLE_IDENTIFIER = "io.intrusive-memory.GuionViewer";
				PRODUCT_NAME = "$(TARGET_NAME)";
				REGISTER_APP_GROUPS = YES;
				SDKROOT = auto;
				STRING_CATALOG_GENERATE_SYMBOLS = YES;
				SUPPORTED_PLATFORMS = "iphoneos iphonesimulator macosx";
				SUPPORTS_MACCATALYST = NO;
				SWIFT_APPROACHABLE_CONCURRENCY = YES;
				SWIFT_DEFAULT_ACTOR_ISOLATION = MainActor;
				SWIFT_EMIT_LOC_STRINGS = YES;
				SWIFT_UPCOMING_FEATURE_MEMBER_IMPORT_VISIBILITY = YES;
				SWIFT_VERSION = 5.0;
				TARGETED_DEVICE_FAMILY = "1,2";
				XROS_DEPLOYMENT_TARGET = 26.2;
			};
			name = Release;
		};
		D62CD65B2F019D0700DF74C7 /* Debug */ = {
			isa = XCBuildConfiguration;
			buildSettings = {
				ALWAYS_SEARCH_USER_PATHS = NO;
				ASSETCATALOG_COMPILER_GENERATE_SWIFT_ASSET_SYMBOL_EXTENSIONS = YES;
				CLANG_ANALYZER_NONNULL = YES;
				CLANG_ANALYZER_NUMBER_OBJECT_CONVERSION = YES_AGGRESSIVE;
				CLANG_CXX_LANGUAGE_STANDARD = "gnu++20";
				CLANG_ENABLE_MODULES = YES;
				CLANG_ENABLE_OBJC_ARC = YES;
				CLANG_ENABLE_OBJC_WEAK = YES;
				CLANG_WARN_BLOCK_CAPTURE_AUTORELEASING = YES;
				CLANG_WARN_BOOL_CONVERSION = YES;
				CLANG_WARN_COMMA = YES;
				CLANG_WARN_CONSTANT_CONVERSION = YES;
				CLANG_WARN_DEPRECATED_OBJC_IMPLEMENTATIONS = YES;
				CLANG_WARN_DIRECT_OBJC_ISA_USAGE = YES_ERROR;
				CLANG_WARN_DOCUMENTATION_COMMENTS = YES;
				CLANG_WARN_EMPTY_BODY = YES;
				CLANG_WARN_ENUM_CONVERSION = YES;
				CLANG_WARN_INFINITE_RECURSION = YES;
				CLANG_WARN_INT_CONVERSION = YES;
				CLANG_WARN_NON_LITERAL_NULL_CONVERSION = YES;
				CLANG_WARN_OBJC_IMPLICIT_RETAIN_SELF = YES;
				CLANG_WARN_OBJC_LITERAL_CONVERSION = YES;
				CLANG_WARN_OBJC_ROOT_CLASS = YES_ERROR;
				CLANG_WARN_QUOTED_INCLUDE_IN_FRAMEWORK_HEADER = YES;
				CLANG_WARN_RANGE_LOOP_ANALYSIS = YES;
				CLANG_WARN_STRICT_PROTOTYPES = YES;
				CLANG_WARN_SUSPICIOUS_MOVE = YES;
				CLANG_WARN_UNGUARDED_AVAILABILITY = YES_AGGRESSIVE;
				CLANG_WARN_UNREACHABLE_CODE = YES;
				CLANG_WARN__DUPLICATE_METHOD_MATCH = YES;
				COPY_PHASE_STRIP = NO;
				DEBUG_INFORMATION_FORMAT = dwarf;
				DEVELOPMENT_TEAM = H3EJ6Y8VJ6;
				ENABLE_STRICT_OBJC_MSGSEND = YES;
				ENABLE_TESTABILITY = YES;
				ENABLE_USER_SCRIPT_SANDBOXING = YES;
				GCC_C_LANGUAGE_STANDARD = gnu17;
				GCC_DYNAMIC_NO_PIC = NO;
				GCC_NO_COMMON_BLOCKS = YES;
				GCC_OPTIMIZATION_LEVEL = 0;
				GCC_PREPROCESSOR_DEFINITIONS = (
					"DEBUG=1",
					"$(inherited)",
				);
				GCC_WARN_64_TO_32_BIT_CONVERSION = YES;
				GCC_WARN_ABOUT_RETURN_TYPE = YES_ERROR;
				GCC_WARN_UNDECLARED_SELECTOR = YES;
				GCC_WARN_UNINITIALIZED_AUTOS = YES_AGGRESSIVE;
				GCC_WARN_UNUSED_FUNCTION = YES;
				GCC_WARN_UNUSED_VARIABLE = YES;
				LOCALIZATION_PREFERS_STRING_CATALOGS = YES;
				MTL_ENABLE_DEBUG_INFO = INCLUDE_SOURCE;
				MTL_FAST_MATH = YES;
				ONLY_ACTIVE_ARCH = YES;
				SWIFT_ACTIVE_COMPILATION_CONDITIONS = "DEBUG $(inherited)";
				SWIFT_OPTIMIZATION_LEVEL = "-Onone";
			};
			name = Debug;
		};
		D62CD65C2F019D0700DF74C7 /* Release */ = {
			isa = XCBuildConfiguration;
			buildSettings = {
				ALWAYS_SEARCH_USER_PATHS = NO;
				ASSETCATALOG_COMPILER_GENERATE_SWIFT_ASSET_SYMBOL_EXTENSIONS = YES;
				CLANG_ANALYZER_NONNULL = YES;
				CLANG_ANALYZER_NUMBER_OBJECT_CONVERSION = YES_AGGRESSIVE;
				CLANG_CXX_LANGUAGE_STANDARD = "gnu++20";
				CLANG_ENABLE_MODULES = YES;
				CLANG_ENABLE_OBJC_ARC = YES;
				CLANG_ENABLE_OBJC_WEAK = YES;
				CLANG_WARN_BLOCK_CAPTURE_AUTORELEASING = YES;
				CLANG_WARN_BOOL_CONVERSION = YES;
				CLANG_WARN_COMMA = YES;
				CLANG_WARN_CONSTANT_CONVERSION = YES;
				CLANG_WARN_DEPRECATED_OBJC_IMPLEMENTATIONS = YES;
				CLANG_WARN_DIRECT_OBJC_ISA_USAGE = YES_ERROR;
				CLANG_WARN_DOCUMENTATION_COMMENTS = YES;
				CLANG_WARN_EMPTY_BODY = YES;
				CLANG_WARN_ENUM_CONVERSION = YES;
				CLANG_WARN_INFINITE_RECURSION = YES;
				CLANG_WARN_INT_CONVERSION = YES;
				CLANG_WARN_NON_LITERAL_NULL_CONVERSION = YES;
				CLANG_WARN_OBJC_IMPLICIT_RETAIN_SELF = YES;
				CLANG_WARN_OBJC_LITERAL_CONVERSION = YES;
				CLANG_WARN_OBJC_ROOT_CLASS = YES_ERROR;
				CLANG_WARN_QUOTED_INCLUDE_IN_FRAMEWORK_HEADER = YES;
				CLANG_WARN_RANGE_LOOP_ANALYSIS = YES;
				CLANG_WARN_STRICT_PROTOTYPES = YES;
				CLANG_WARN_SUSPICIOUS_MOVE = YES;
				CLANG_WARN_UNGUARDED_AVAILABILITY = YES_AGGRESSIVE;
				CLANG_WARN_UNREACHABLE_CODE = YES;
				CLANG_WARN__DUPLICATE_METHOD_MATCH = YES;
				COPY_PHASE_STRIP = NO;
				DEBUG_INFORMATION_FORMAT = "dwarf-with-dsym";
				DEVELOPMENT_TEAM = H3EJ6Y8VJ6;
				ENABLE_NS_ASSERTIONS = NO;
				ENABLE_STRICT_OBJC_MSGSEND = YES;
				ENABLE_USER_SCRIPT_SANDBOXING = YES;
				GCC_C_LANGUAGE_STANDARD = gnu17;
				GCC_NO_COMMON_BLOCKS = YES;
				GCC_WARN_64_TO_32_BIT_CONVERSION = YES;
				GCC_WARN_ABOUT_RETURN_TYPE = YES_ERROR;
				GCC_WARN_UNDECLARED_SELECTOR = YES;
				GCC_WARN_UNINITIALIZED_AUTOS = YES_AGGRESSIVE;
				GCC_WARN_UNUSED_FUNCTION = YES;
				GCC_WARN_UNUSED_VARIABLE = YES;
				LOCALIZATION_PREFERS_STRING_CATALOGS = YES;
				MTL_ENABLE_DEBUG_INFO = NO;
				MTL_FAST_MATH = YES;
				SWIFT_COMPILATION_MODE = wholemodule;
			};
			name = Release;
		};
		D62CD65E2F019D0700DF74C7 /* Debug */ = {
			isa = XCBuildConfiguration;
			buildSettings = {
				BUNDLE_LOADER = "$(TEST_HOST)";
				CODE_SIGN_STYLE = Automatic;
				CURRENT_PROJECT_VERSION = 1;
				DEVELOPMENT_TEAM = H3EJ6Y8VJ6;
				GENERATE_INFOPLIST_FILE = YES;
				IPHONEOS_DEPLOYMENT_TARGET = 26.2;
				MACOSX_DEPLOYMENT_TARGET = 26.2;
				MARKETING_VERSION = 1.0;
				PRODUCT_BUNDLE_IDENTIFIER = "io.intrusive-memory.GuionViewerTests";
				PRODUCT_NAME = "$(TARGET_NAME)";
				SDKROOT = auto;
				STRING_CATALOG_GENERATE_SYMBOLS = NO;
				SUPPORTED_PLATFORMS = "iphoneos iphonesimulator macosx xros xrsimulator";
				SWIFT_APPROACHABLE_CONCURRENCY = YES;
				SWIFT_EMIT_LOC_STRINGS = NO;
				SWIFT_UPCOMING_FEATURE_MEMBER_IMPORT_VISIBILITY = YES;
				SWIFT_VERSION = 5.0;
				TARGETED_DEVICE_FAMILY = "1,2,7";
				TEST_HOST = "$(BUILT_PRODUCTS_DIR)/GuionViewer.app/$(BUNDLE_EXECUTABLE_FOLDER_PATH)/GuionViewer";
				XROS_DEPLOYMENT_TARGET = 26.2;
			};
			name = Debug;
		};
		D62CD65F2F019D0700DF74C7 /* Release */ = {
			isa = XCBuildConfiguration;
			buildSettings = {
				BUNDLE_LOADER = "$(TEST_HOST)";
				CODE_SIGN_STYLE = Automatic;
				CURRENT_PROJECT_VERSION = 1;
				DEVELOPMENT_TEAM = H3EJ6Y8VJ6;
				GENERATE_INFOPLIST_FILE = YES;
				IPHONEOS_DEPLOYMENT_TARGET = 26.2;
				MACOSX_DEPLOYMENT_TARGET = 26.2;
				MARKETING_VERSION = 1.0;
				PRODUCT_BUNDLE_IDENTIFIER = "io.intrusive-memory.GuionViewerTests";
				PRODUCT_NAME = "$(TARGET_NAME)";
				SDKROOT = auto;
				STRING_CATALOG_GENERATE_SYMBOLS = NO;
				SUPPORTED_PLATFORMS = "iphoneos iphonesimulator macosx xros xrsimulator";
				SWIFT_APPROACHABLE_CONCURRENCY = YES;
				SWIFT_EMIT_LOC_STRINGS = NO;
				SWIFT_UPCOMING_FEATURE_MEMBER_IMPORT_VISIBILITY = YES;
				SWIFT_VERSION = 5.0;
				TARGETED_DEVICE_FAMILY = "1,2,7";
				TEST_HOST = "$(BUILT_PRODUCTS_DIR)/GuionViewer.app/$(BUNDLE_EXECUTABLE_FOLDER_PATH)/GuionViewer";
				XROS_DEPLOYMENT_TARGET = 26.2;
			};
			name = Release;
		};
		D62CD6612F019D0700DF74C7 /* Debug */ = {
			isa = XCBuildConfiguration;
			buildSettings = {
				CODE_SIGN_STYLE = Automatic;
				CURRENT_PROJECT_VERSION = 1;
				DEVELOPMENT_TEAM = H3EJ6Y8VJ6;
				GENERATE_INFOPLIST_FILE = YES;
				IPHONEOS_DEPLOYMENT_TARGET = 26.2;
				MACOSX_DEPLOYMENT_TARGET = 26.2;
				MARKETING_VERSION = 1.0;
				PRODUCT_BUNDLE_IDENTIFIER = "io.intrusive-memory.GuionViewerUITests";
				PRODUCT_NAME = "$(TARGET_NAME)";
				SDKROOT = auto;
				STRING_CATALOG_GENERATE_SYMBOLS = NO;
				SUPPORTED_PLATFORMS = "iphoneos iphonesimulator macosx xros xrsimulator";
				SWIFT_APPROACHABLE_CONCURRENCY = YES;
				SWIFT_EMIT_LOC_STRINGS = NO;
				SWIFT_UPCOMING_FEATURE_MEMBER_IMPORT_VISIBILITY = YES;
				SWIFT_VERSION = 5.0;
				TARGETED_DEVICE_FAMILY = "1,2,7";
				TEST_TARGET_NAME = GuionViewer;
				XROS_DEPLOYMENT_TARGET = 26.2;
			};
			name = Debug;
		};
		D62CD6622F019D0700DF74C7 /* Release */ = {
			isa = XCBuildConfiguration;
			buildSettings = {
				CODE_SIGN_STYLE = Automatic;
				CURRENT_PROJECT_VERSION = 1;
				DEVELOPMENT_TEAM = H3EJ6Y8VJ6;
				GENERATE_INFOPLIST_FILE = YES;
				IPHONEOS_DEPLOYMENT_TARGET = 26.2;
				MACOSX_DEPLOYMENT_TARGET = 26.2;
				MARKETING_VERSION = 1.0;
				PRODUCT_BUNDLE_IDENTIFIER = "io.intrusive-memory.GuionViewerUITests";
				PRODUCT_NAME = "$(TARGET_NAME)";
				SDKROOT = auto;
				STRING_CATALOG_GENERATE_SYMBOLS = NO;
				SUPPORTED_PLATFORMS = "iphoneos iphonesimulator macosx xros xrsimulator";
				SWIFT_APPROACHABLE_CONCURRENCY = YES;
				SWIFT_EMIT_LOC_STRINGS = NO;
				SWIFT_UPCOMING_FEATURE_MEMBER_IMPORT_VISIBILITY = YES;
				SWIFT_VERSION = 5.0;
				TARGETED_DEVICE_FAMILY = "1,2,7";
				TEST_TARGET_NAME = GuionViewer;
				XROS_DEPLOYMENT_TARGET = 26.2;
			};
			name = Release;
		};
/* End XCBuildConfiguration section */

/* Begin XCConfigurationList section */
		D62CD6302F019D0600DF74C7 /* Build configuration list for PBXProject "GuionViewer" */ = {
			isa = XCConfigurationList;
			buildConfigurations = (
				D62CD65B2F019D0700DF74C7 /* Debug */,
				D62CD65C2F019D0700DF74C7 /* Release */,
			);
			defaultConfigurationIsVisible = 0;
			defaultConfigurationName = Release;
		};
		D62CD6582F019D0700DF74C7 /* Build configuration list for PBXNativeTarget "GuionViewer" */ = {
			isa = XCConfigurationList;
			buildConfigurations = (
				D62CD6592F019D0700DF74C7 /* Debug */,
				D62CD65A2F019D0700DF74C7 /* Release */,
			);
			defaultConfigurationIsVisible = 0;
			defaultConfigurationName = Release;
		};
		D62CD65D2F019D0700DF74C7 /* Build configuration list for PBXNativeTarget "GuionViewerTests" */ = {
			isa = XCConfigurationList;
			buildConfigurations = (
				D62CD65E2F019D0700DF74C7 /* Debug */,
				D62CD65F2F019D0700DF74C7 /* Release */,
			);
			defaultConfigurationIsVisible = 0;
			defaultConfigurationName = Release;
		};
		D62CD6602F019D0700DF74C7 /* Build configuration list for PBXNativeTarget "GuionViewerUITests" */ = {
			isa = XCConfigurationList;
			buildConfigurations = (
				D62CD6612F019D0700DF74C7 /* Debug */,
				D62CD6622F019D0700DF74C7 /* Release */,
			);
			defaultConfigurationIsVisible = 0;
			defaultConfigurationName = Release;
		};
/* End XCConfigurationList section */

/* Begin XCLocalSwiftPackageReference section */
		D62CD6732F01BD4C00DF74C7 /* XCLocalSwiftPackageReference "../../SwiftCompartido" */ = {
			isa = XCLocalSwiftPackageReference;
			relativePath = ../../SwiftCompartido;
		};
/* End XCLocalSwiftPackageReference section */

/* Begin XCSwiftPackageProductDependency section */
		D62CD6742F01BD4C00DF74C7 /* SwiftCompartido */ = {
			isa = XCSwiftPackageProductDependency;
			productName = SwiftCompartido;
		};
/* End XCSwiftPackageProductDependency section */
	};
	rootObject = D62CD62D2F019D0600DF74C7 /* Project object */;
}
